
Microsoft Visual Studio Solution File, Format Version 12.00
# Visual Studio Version 16
VisualStudioVersion = 16.0.30804.86
MinimumVisualStudioVersion = 10.0.40219.1
Project("{FAE04EC0-301F-11D3-BF4B-00C04F79EFBC}") = "ElasticSearchCase.Entities", "ElasticSearchCase.Entities\ElasticSearchCase.Entities.csproj", "{7076C626-CAF8-4586-87A7-4FBA80458757}"
EndProject
Project("{FAE04EC0-301F-11D3-BF4B-00C04F79EFBC}") = "ElasticSearchCase.Core", "ElasticSearchCase.Core\ElasticSearchCase.Core.csproj", "{F11D511C-577A-42EF-A7D5-13622D501704}"
EndProject
Project("{FAE04EC0-301F-11D3-BF4B-00C04F79EFBC}") = "ElasticSearchCase.DataAccess", "ElasticSearchCase.DataAccess\ElasticSearchCase.DataAccess.csproj", "{C19278EE-8E31-405A-B486-797464F1C7A2}"
EndProject
Project("{FAE04EC0-301F-11D3-BF4B-00C04F79EFBC}") = "ElasticSearchCase.Business", "ElasticSearchCase.Business\ElasticSearchCase.Business.csproj", "{192A65AD-1272-40D9-9DD8-FEFACDA8CBB9}"
EndProject
Project("{FAE04EC0-301F-11D3-BF4B-00C04F79EFBC}") = "ElasticSearchCase.WebUI", "ElasticSearchCase.WebUI\ElasticSearchCase.WebUI.csproj", "{1BCBE664-D5CC-4DF1-BA79-8BD8FDA20214}"
EndProject
Global
	GlobalSection(SolutionConfigurationPlatforms) = preSolution
		Debug|Any CPU = Debug|Any CPU
		Release|Any CPU = Release|Any CPU
	EndGlobalSection
	GlobalSection(ProjectConfigurationPlatforms) = postSolution
		{7076C626-CAF8-4586-87A7-4FBA80458757}.Debug|Any CPU.ActiveCfg = Debug|Any CPU
		{7076C626-CAF8-4586-87A7-4FBA80458757}.Debug|Any CPU.Build.0 = Debug|Any CPU
		{7076C626-CAF8-4586-87A7-4FBA80458757}.Release|Any CPU.ActiveCfg = Release|Any CPU
		{7076C626-CAF8-4586-87A7-4FBA80458757}.Release|Any CPU.Build.0 = Release|Any CPU
		{F11D511C-577A-42EF-A7D5-13622D501704}.Debug|Any CPU.ActiveCfg = Debug|Any CPU
		{F11D511C-577A-42EF-A7D5-13622D501704}.Debug|Any CPU.Build.0 = Debug|Any CPU
		{F11D511C-577A-42EF-A7D5-13622D501704}.Release|Any CPU.ActiveCfg = Release|Any CPU
		{F11D511C-577A-42EF-A7D5-13622D501704}.Release|Any CPU.Build.0 = Release|Any CPU
		{C19278EE-8E31-405A-B486-797464F1C7A2}.Debug|Any CPU.ActiveCfg = Debug|Any CPU
		{C19278EE-8E31-405A-B486-797464F1C7A2}.Debug|Any CPU.Build.0 = Debug|Any CPU
		{C19278EE-8E31-405A-B486-797464F1C7A2}.Release|Any CPU.ActiveCfg = Release|Any CPU
		{C19278EE-8E31-405A-B486-797464F1C7A2}.Release|Any CPU.Build.0 = Release|Any CPU
		{192A65AD-1272-40D9-9DD8-FEFACDA8CBB9}.Debug|Any CPU.ActiveCfg = Debug|Any CPU
		{192A65AD-1272-40D9-9DD8-FEFACDA8CBB9}.Debug|Any CPU.Build.0 = Debug|Any CPU
		{192A65AD-1272-40D9-9DD8-FEFACDA8CBB9}.Release|Any CPU.ActiveCfg = Release|Any CPU
		{192A65AD-1272-40D9-9DD8-FEFACDA8CBB9}.Release|Any CPU.Build.0 = Release|Any CPU
		{1BCBE664-D5CC-4DF1-BA79-8BD8FDA20214}.Debug|Any CPU.ActiveCfg = Debug|Any CPU
		{1BCBE664-D5CC-4DF1-BA79-8BD8FDA20214}.Debug|Any CPU.Build.0 = Debug|Any CPU
		{1BCBE664-D5CC-4DF1-BA79-8BD8FDA20214}.Release|Any CPU.ActiveCfg = Release|Any CPU
		{1BCBE664-D5CC-4DF1-BA79-8BD8FDA20214}.Release|Any CPU.Build.0 = Release|Any CPU
	EndGlobalSection
	GlobalSection(SolutionProperties) = preSolution
		HideSolutionNode = FALSE
	EndGlobalSection
	GlobalSection(ExtensibilityGlobals) = postSolution
		SolutionGuid = {48EB30DE-1012-400A-9DD1-796ADD8E8EDF}
	EndGlobalSection
EndGlobal
